
Microsoft Visual Studio Solution File, Format Version 12.00
# Visual Studio 15
VisualStudioVersion = 15.0.28307.1000
MinimumVisualStudioVersion = 10.0.40219.1
Project("{FAE04EC0-301F-11D3-BF4B-00C04F79EFBC}") = "AVS.DesignPatterns", "AVS.DesignPatterns\AVS.DesignPatterns.csproj", "{9EFC8443-C2AA-4881-9567-892CABD540D5}"
EndProject
Global
	GlobalSection(SolutionConfigurationPlatforms) = preSolution
		Debug|Any CPU = Debug|Any CPU
		Release|Any CPU = Release|Any CPU
	EndGlobalSection
	GlobalSection(ProjectConfigurationPlatforms) = postSolution
		{9EFC8443-C2AA-4881-9567-892CABD540D5}.Debug|Any CPU.ActiveCfg = Debug|Any CPU
		{9EFC8443-C2AA-4881-9567-892CABD540D5}.Debug|Any CPU.Build.0 = Debug|Any CPU
		{9EFC8443-C2AA-4881-9567-892CABD540D5}.Release|Any CPU.ActiveCfg = Release|Any CPU
		{9EFC8443-C2AA-4881-9567-892CABD540D5}.Release|Any CPU.Build.0 = Release|Any CPU
	EndGlobalSection
	GlobalSection(SolutionProperties) = preSolution
		HideSolutionNode = FALSE
	EndGlobalSection
	GlobalSection(ExtensibilityGlobals) = postSolution
		SolutionGuid = {CB9CC418-07E8-43C0-B415-80F8C90681A4}
	EndGlobalSection
EndGlobal
